# This file is autogenerated, do not edit; changes may be undone by the next 'dep ensure'.


[[projects]]
  digest = "1:55d7786e315a68ad27227a9800ebed9c48a23379de13358ab9a331ae8fe39283"
  name = "github.com/go-chi/chi"
  packages = ["."]
  pruneopts = ""
  revision = "da24bba8dcd4021cafac38724bf10dccc97c3e36"
  version = "v4.0.2"

[[projects]]
  digest = "1:7df5a9695a743c3e1626b28bb8741602c8c15527e1efaeaec48ab2ff9a23f74c"
  name = "github.com/joho/godotenv"
  packages = ["."]
  pruneopts = ""
  revision = "23d116af351c84513e1946b527c88823e476be13"
  version = "v1.3.0"

[[projects]]
  digest = "1:5a7738096093da28b02967e9f29b380341c02baa4dc3104731a62be4290369b7"
  name = "go.mongodb.org/mongo-driver"
  packages = ["bson/primitive"]
  pruneopts = ""
  revision = "0d1270edf53072da4da781b76d2e1db58831152f"
  version = "v1.0.4"

[solve-meta]
  analyzer-name = "dep"
  analyzer-version = 1
  input-imports = [
    "github.com/go-chi/chi",
    "github.com/joho/godotenv",
    "go.mongodb.org/mongo-driver/bson/primitive",
  ]
  solver-name = "gps-cdcl"
  solver-version = 1
